
Microsoft Visual Studio Solution File, Format Version 12.00
# Visual Studio 15
VisualStudioVersion = 15.0.27428.2002
MinimumVisualStudioVersion = 10.0.40219.1
Project("{FAE04EC0-301F-11D3-BF4B-00C04F79EFBC}") = "Panuon.UI", "Panuon.UI\Panuon.UI.csproj", "{72B3698E-1784-4101-99AE-FC7B8F48E96D}"
EndProject
Project("{FAE04EC0-301F-11D3-BF4B-00C04F79EFBC}") = "Panuon.UIBrowser", "Panuon.UIBrowser\Panuon.UIBrowser.csproj", "{3D0CEF7D-5E24-45FA-BFBD-95EEECFE88C2}"
EndProject
Global
	GlobalSection(SolutionConfigurationPlatforms) = preSolution
		Debug|Any CPU = Debug|Any CPU
		Release|Any CPU = Release|Any CPU
	EndGlobalSection
	GlobalSection(ProjectConfigurationPlatforms) = postSolution
		{72B3698E-1784-4101-99AE-FC7B8F48E96D}.Debug|Any CPU.ActiveCfg = Debug|Any CPU
		{72B3698E-1784-4101-99AE-FC7B8F48E96D}.Debug|Any CPU.Build.0 = Debug|Any CPU
		{72B3698E-1784-4101-99AE-FC7B8F48E96D}.Release|Any CPU.ActiveCfg = Release|Any CPU
		{72B3698E-1784-4101-99AE-FC7B8F48E96D}.Release|Any CPU.Build.0 = Release|Any CPU
		{3D0CEF7D-5E24-45FA-BFBD-95EEECFE88C2}.Debug|Any CPU.ActiveCfg = Debug|Any CPU
		{3D0CEF7D-5E24-45FA-BFBD-95EEECFE88C2}.Debug|Any CPU.Build.0 = Debug|Any CPU
		{3D0CEF7D-5E24-45FA-BFBD-95EEECFE88C2}.Release|Any CPU.ActiveCfg = Release|Any CPU
		{3D0CEF7D-5E24-45FA-BFBD-95EEECFE88C2}.Release|Any CPU.Build.0 = Release|Any CPU
	EndGlobalSection
	GlobalSection(SolutionProperties) = preSolution
		HideSolutionNode = FALSE
	EndGlobalSection
	GlobalSection(ExtensibilityGlobals) = postSolution
		SolutionGuid = {854992E3-C079-4F01-A327-5CC0229995E1}
	EndGlobalSection
EndGlobal
